
Microsoft Visual Studio Solution File, Format Version 12.00
Project("{FAE04EC0-301F-11D3-BF4B-00C04F79EFBC}") = "RepositoryPattern", "RepositoryPattern\RepositoryPattern.csproj", "{CD880B34-E889-4388-9B1A-DB86227BCBE4}"
EndProject
Global
	GlobalSection(SolutionConfigurationPlatforms) = preSolution
		Debug|Any CPU = Debug|Any CPU
		Release|Any CPU = Release|Any CPU
	EndGlobalSection
	GlobalSection(ProjectConfigurationPlatforms) = postSolution
		{CD880B34-E889-4388-9B1A-DB86227BCBE4}.Debug|Any CPU.ActiveCfg = Debug|Any CPU
		{CD880B34-E889-4388-9B1A-DB86227BCBE4}.Debug|Any CPU.Build.0 = Debug|Any CPU
		{CD880B34-E889-4388-9B1A-DB86227BCBE4}.Release|Any CPU.ActiveCfg = Release|Any CPU
		{CD880B34-E889-4388-9B1A-DB86227BCBE4}.Release|Any CPU.Build.0 = Release|Any CPU
	EndGlobalSection
EndGlobal
